
Microsoft Visual Studio Solution File, Format Version 12.00
# Visual Studio 14
VisualStudioVersion = 14.0.23107.0
MinimumVisualStudioVersion = 10.0.40219.1
Project("{2150E333-8FDC-42A3-9474-1A3956D46DE8}") = "src", "src", "{6A86CB26-0EB1-455B-A038-7266F35AECFF}"
EndProject
Project("{2150E333-8FDC-42A3-9474-1A3956D46DE8}") = "Solution Items", "Solution Items", "{6C3A2B01-A313-48C8-B8DE-36A072B7DCCB}"
	ProjectSection(SolutionItems) = preProject
		global.json = global.json
		NuGet.Config = NuGet.Config
	EndProjectSection
EndProject
Project("{8BB2217D-0F2D-49D1-97BC-3654ED321F3B}") = "ConventionModelBuilder", "src\ConventionModelBuilder\ConventionModelBuilder.xproj", "{C581A878-2B7A-43EB-9A72-D2163657AE42}"
EndProject
Global
	GlobalSection(SolutionConfigurationPlatforms) = preSolution
		Debug|Any CPU = Debug|Any CPU
		Release|Any CPU = Release|Any CPU
	EndGlobalSection
	GlobalSection(ProjectConfigurationPlatforms) = postSolution
		{C581A878-2B7A-43EB-9A72-D2163657AE42}.Debug|Any CPU.ActiveCfg = Debug|Any CPU
		{C581A878-2B7A-43EB-9A72-D2163657AE42}.Debug|Any CPU.Build.0 = Debug|Any CPU
		{C581A878-2B7A-43EB-9A72-D2163657AE42}.Release|Any CPU.ActiveCfg = Release|Any CPU
		{C581A878-2B7A-43EB-9A72-D2163657AE42}.Release|Any CPU.Build.0 = Release|Any CPU
	EndGlobalSection
	GlobalSection(SolutionProperties) = preSolution
		HideSolutionNode = FALSE
	EndGlobalSection
	GlobalSection(NestedProjects) = preSolution
		{C581A878-2B7A-43EB-9A72-D2163657AE42} = {6A86CB26-0EB1-455B-A038-7266F35AECFF}
	EndGlobalSection
EndGlobal
