
Microsoft Visual Studio Solution File, Format Version 12.00
# Visual Studio 14
VisualStudioVersion = 14.0.25420.1
MinimumVisualStudioVersion = 10.0.40219.1
Project("{2150E333-8FDC-42A3-9474-1A3956D46DE8}") = "src", "src", "{6A86CB26-0EB1-455B-A038-7266F35AECFF}"
EndProject
Project("{2150E333-8FDC-42A3-9474-1A3956D46DE8}") = "Solution Items", "Solution Items", "{6C3A2B01-A313-48C8-B8DE-36A072B7DCCB}"
	ProjectSection(SolutionItems) = preProject
		global.json = global.json
		NuGet.Config = NuGet.Config
	EndProjectSection
EndProject
Project("{8BB2217D-0F2D-49D1-97BC-3654ED321F3B}") = "FluentModelBuilder", "src\FluentModelBuilder\FluentModelBuilder.xproj", "{C581A878-2B7A-43EB-9A72-D2163657AE42}"
EndProject
Project("{2150E333-8FDC-42A3-9474-1A3956D46DE8}") = "samples", "samples", "{F326621D-3449-4537-A47E-1FD72B30D2E2}"
EndProject
Project("{8BB2217D-0F2D-49D1-97BC-3654ED321F3B}") = "ModelBuilderSample", "samples\ModelBuilderSample\ModelBuilderSample.xproj", "{275AF5D9-350C-4EFA-85A4-834650A48E1E}"
EndProject
Project("{2150E333-8FDC-42A3-9474-1A3956D46DE8}") = "test", "test", "{F2B33CA3-B383-4768-9CB6-E9FB974DE9F2}"
EndProject
Project("{8BB2217D-0F2D-49D1-97BC-3654ED321F3B}") = "FluentModelBuilder.Tests", "test\FluentModelBuilder.Tests\FluentModelBuilder.Tests.xproj", "{1A9B08E3-0CB6-4228-955C-F6CF4ED3D8F5}"
EndProject
Project("{8BB2217D-0F2D-49D1-97BC-3654ED321F3B}") = "FluentModelBuilder.TestTarget", "test\FluentModelBuilder.TestTarget\FluentModelBuilder.TestTarget.xproj", "{4313E85C-24E3-4905-9C5D-1E33076672FB}"
EndProject
Project("{8BB2217D-0F2D-49D1-97BC-3654ED321F3B}") = "FluentModelBuilder.Relational", "src\FluentModelBuilder.Relational\FluentModelBuilder.Relational.xproj", "{94002380-35DB-4C92-BE38-DC06B8B722B2}"
EndProject
Global
	GlobalSection(SolutionConfigurationPlatforms) = preSolution
		Debug|Any CPU = Debug|Any CPU
		Debug|x86 = Debug|x86
		Release|Any CPU = Release|Any CPU
		Release|x86 = Release|x86
	EndGlobalSection
	GlobalSection(ProjectConfigurationPlatforms) = postSolution
		{C581A878-2B7A-43EB-9A72-D2163657AE42}.Debug|Any CPU.ActiveCfg = Debug|Any CPU
		{C581A878-2B7A-43EB-9A72-D2163657AE42}.Debug|Any CPU.Build.0 = Debug|Any CPU
		{C581A878-2B7A-43EB-9A72-D2163657AE42}.Debug|x86.ActiveCfg = Debug|Any CPU
		{C581A878-2B7A-43EB-9A72-D2163657AE42}.Debug|x86.Build.0 = Debug|Any CPU
		{C581A878-2B7A-43EB-9A72-D2163657AE42}.Release|Any CPU.ActiveCfg = Release|Any CPU
		{C581A878-2B7A-43EB-9A72-D2163657AE42}.Release|Any CPU.Build.0 = Release|Any CPU
		{C581A878-2B7A-43EB-9A72-D2163657AE42}.Release|x86.ActiveCfg = Release|Any CPU
		{C581A878-2B7A-43EB-9A72-D2163657AE42}.Release|x86.Build.0 = Release|Any CPU
		{275AF5D9-350C-4EFA-85A4-834650A48E1E}.Debug|Any CPU.ActiveCfg = Debug|Any CPU
		{275AF5D9-350C-4EFA-85A4-834650A48E1E}.Debug|Any CPU.Build.0 = Debug|Any CPU
		{275AF5D9-350C-4EFA-85A4-834650A48E1E}.Debug|x86.ActiveCfg = Debug|Any CPU
		{275AF5D9-350C-4EFA-85A4-834650A48E1E}.Debug|x86.Build.0 = Debug|Any CPU
		{275AF5D9-350C-4EFA-85A4-834650A48E1E}.Release|Any CPU.ActiveCfg = Release|Any CPU
		{275AF5D9-350C-4EFA-85A4-834650A48E1E}.Release|Any CPU.Build.0 = Release|Any CPU
		{275AF5D9-350C-4EFA-85A4-834650A48E1E}.Release|x86.ActiveCfg = Release|Any CPU
		{275AF5D9-350C-4EFA-85A4-834650A48E1E}.Release|x86.Build.0 = Release|Any CPU
		{1A9B08E3-0CB6-4228-955C-F6CF4ED3D8F5}.Debug|Any CPU.ActiveCfg = Debug|Any CPU
		{1A9B08E3-0CB6-4228-955C-F6CF4ED3D8F5}.Debug|Any CPU.Build.0 = Debug|Any CPU
		{1A9B08E3-0CB6-4228-955C-F6CF4ED3D8F5}.Debug|x86.ActiveCfg = Debug|Any CPU
		{1A9B08E3-0CB6-4228-955C-F6CF4ED3D8F5}.Debug|x86.Build.0 = Debug|Any CPU
		{1A9B08E3-0CB6-4228-955C-F6CF4ED3D8F5}.Release|Any CPU.ActiveCfg = Release|Any CPU
		{1A9B08E3-0CB6-4228-955C-F6CF4ED3D8F5}.Release|Any CPU.Build.0 = Release|Any CPU
		{1A9B08E3-0CB6-4228-955C-F6CF4ED3D8F5}.Release|x86.ActiveCfg = Release|Any CPU
		{1A9B08E3-0CB6-4228-955C-F6CF4ED3D8F5}.Release|x86.Build.0 = Release|Any CPU
		{4313E85C-24E3-4905-9C5D-1E33076672FB}.Debug|Any CPU.ActiveCfg = Debug|Any CPU
		{4313E85C-24E3-4905-9C5D-1E33076672FB}.Debug|Any CPU.Build.0 = Debug|Any CPU
		{4313E85C-24E3-4905-9C5D-1E33076672FB}.Debug|x86.ActiveCfg = Debug|Any CPU
		{4313E85C-24E3-4905-9C5D-1E33076672FB}.Debug|x86.Build.0 = Debug|Any CPU
		{4313E85C-24E3-4905-9C5D-1E33076672FB}.Release|Any CPU.ActiveCfg = Release|Any CPU
		{4313E85C-24E3-4905-9C5D-1E33076672FB}.Release|Any CPU.Build.0 = Release|Any CPU
		{4313E85C-24E3-4905-9C5D-1E33076672FB}.Release|x86.ActiveCfg = Release|Any CPU
		{4313E85C-24E3-4905-9C5D-1E33076672FB}.Release|x86.Build.0 = Release|Any CPU
		{94002380-35DB-4C92-BE38-DC06B8B722B2}.Debug|Any CPU.ActiveCfg = Debug|Any CPU
		{94002380-35DB-4C92-BE38-DC06B8B722B2}.Debug|Any CPU.Build.0 = Debug|Any CPU
		{94002380-35DB-4C92-BE38-DC06B8B722B2}.Debug|x86.ActiveCfg = Debug|Any CPU
		{94002380-35DB-4C92-BE38-DC06B8B722B2}.Debug|x86.Build.0 = Debug|Any CPU
		{94002380-35DB-4C92-BE38-DC06B8B722B2}.Release|Any CPU.ActiveCfg = Release|Any CPU
		{94002380-35DB-4C92-BE38-DC06B8B722B2}.Release|Any CPU.Build.0 = Release|Any CPU
		{94002380-35DB-4C92-BE38-DC06B8B722B2}.Release|x86.ActiveCfg = Release|Any CPU
		{94002380-35DB-4C92-BE38-DC06B8B722B2}.Release|x86.Build.0 = Release|Any CPU
	EndGlobalSection
	GlobalSection(SolutionProperties) = preSolution
		HideSolutionNode = FALSE
	EndGlobalSection
	GlobalSection(NestedProjects) = preSolution
		{C581A878-2B7A-43EB-9A72-D2163657AE42} = {6A86CB26-0EB1-455B-A038-7266F35AECFF}
		{275AF5D9-350C-4EFA-85A4-834650A48E1E} = {F326621D-3449-4537-A47E-1FD72B30D2E2}
		{1A9B08E3-0CB6-4228-955C-F6CF4ED3D8F5} = {F2B33CA3-B383-4768-9CB6-E9FB974DE9F2}
		{4313E85C-24E3-4905-9C5D-1E33076672FB} = {F2B33CA3-B383-4768-9CB6-E9FB974DE9F2}
		{94002380-35DB-4C92-BE38-DC06B8B722B2} = {6A86CB26-0EB1-455B-A038-7266F35AECFF}
	EndGlobalSection
EndGlobal
